// !$*UTF8*$!
{
	archiveVersion = 1;
	classes = {
	};
	objectVersion = 46;
	objects = {

/* Begin PBXBuildFile section */
		5BC23B0826C11A8B62536EE7 /* Pods_hackRUProject.framework in Frameworks */ = {isa = PBXBuildFile; fileRef = 0364FCEE1B80E80D68843E72 /* Pods_hackRUProject.framework */; };
		BD3601881EAC632100C33DEB /* DatePickerViewController.swift in Sources */ = {isa = PBXBuildFile; fileRef = BD3601871EAC632100C33DEB /* DatePickerViewController.swift */; };
		BD36018A1EAC6C2700C33DEB /* CoreDataManager.swift in Sources */ = {isa = PBXBuildFile; fileRef = BD3601891EAC6C2700C33DEB /* CoreDataManager.swift */; };
		BD9DFF4F1EABAE6400BD8B23 /* AppDelegate.swift in Sources */ = {isa = PBXBuildFile; fileRef = BD9DFF4E1EABAE6400BD8B23 /* AppDelegate.swift */; };
		BD9DFF511EABAE6400BD8B23 /* ViewController.swift in Sources */ = {isa = PBXBuildFile; fileRef = BD9DFF501EABAE6400BD8B23 /* ViewController.swift */; };
		BD9DFF541EABAE6400BD8B23 /* Main.storyboard in Resources */ = {isa = PBXBuildFile; fileRef = BD9DFF521EABAE6400BD8B23 /* Main.storyboard */; };
		BD9DFF561EABAE6400BD8B23 /* Assets.xcassets in Resources */ = {isa = PBXBuildFile; fileRef = BD9DFF551EABAE6400BD8B23 /* Assets.xcassets */; };
		BD9DFF591EABAE6400BD8B23 /* LaunchScreen.storyboard in Resources */ = {isa = PBXBuildFile; fileRef = BD9DFF571EABAE6400BD8B23 /* LaunchScreen.storyboard */; };
		BD9DFF611EABE2A400BD8B23 /* ClockViewController.swift in Sources */ = {isa = PBXBuildFile; fileRef = BD9DFF601EABE2A400BD8B23 /* ClockViewController.swift */; };
		BD9DFF631EABFD4B00BD8B23 /* AlarmSetTableViewController.swift in Sources */ = {isa = PBXBuildFile; fileRef = BD9DFF621EABFD4B00BD8B23 /* AlarmSetTableViewController.swift */; };
		BD9DFF651EAC14F000BD8B23 /* Colors.swift in Sources */ = {isa = PBXBuildFile; fileRef = BD9DFF641EAC14F000BD8B23 /* Colors.swift */; };
		BD9DFF6E1EAC25B100BD8B23 /* hackRUProject.xcdatamodeld in Sources */ = {isa = PBXBuildFile; fileRef = BD9DFF6C1EAC25B100BD8B23 /* hackRUProject.xcdatamodeld */; };
/* End PBXBuildFile section */

/* Begin PBXFileReference section */
		0364FCEE1B80E80D68843E72 /* Pods_hackRUProject.framework */ = {isa = PBXFileReference; explicitFileType = wrapper.framework; includeInIndex = 0; path = Pods_hackRUProject.framework; sourceTree = BUILT_PRODUCTS_DIR; };
		2479F557A94C99CAAAAAB551 /* Pods-hackRUProject.debug.xcconfig */ = {isa = PBXFileReference; includeInIndex = 1; lastKnownFileType = text.xcconfig; name = "Pods-hackRUProject.debug.xcconfig"; path = "Pods/Target Support Files/Pods-hackRUProject/Pods-hackRUProject.debug.xcconfig"; sourceTree = "<group>"; };
		8989DBF61FD61FEBE0EE8E08 /* Pods-hackRUProject.release.xcconfig */ = {isa = PBXFileReference; includeInIndex = 1; lastKnownFileType = text.xcconfig; name = "Pods-hackRUProject.release.xcconfig"; path = "Pods/Target Support Files/Pods-hackRUProject/Pods-hackRUProject.release.xcconfig"; sourceTree = "<group>"; };
		BD3601871EAC632100C33DEB /* DatePickerViewController.swift */ = {isa = PBXFileReference; fileEncoding = 4; lastKnownFileType = sourcecode.swift; path = DatePickerViewController.swift; sourceTree = "<group>"; };
		BD3601891EAC6C2700C33DEB /* CoreDataManager.swift */ = {isa = PBXFileReference; fileEncoding = 4; lastKnownFileType = sourcecode.swift; path = CoreDataManager.swift; sourceTree = "<group>"; };
		BD9DFF4B1EABAE6400BD8B23 /* hackRUProject.app */ = {isa = PBXFileReference; explicitFileType = wrapper.application; includeInIndex = 0; path = hackRUProject.app; sourceTree = BUILT_PRODUCTS_DIR; };
		BD9DFF4E1EABAE6400BD8B23 /* AppDelegate.swift */ = {isa = PBXFileReference; lastKnownFileType = sourcecode.swift; path = AppDelegate.swift; sourceTree = "<group>"; };
		BD9DFF501EABAE6400BD8B23 /* ViewController.swift */ = {isa = PBXFileReference; lastKnownFileType = sourcecode.swift; path = ViewController.swift; sourceTree = "<group>"; };
		BD9DFF531EABAE6400BD8B23 /* Base */ = {isa = PBXFileReference; lastKnownFileType = file.storyboard; name = Base; path = Base.lproj/Main.storyboard; sourceTree = "<group>"; };
		BD9DFF551EABAE6400BD8B23 /* Assets.xcassets */ = {isa = PBXFileReference; lastKnownFileType = folder.assetcatalog; path = Assets.xcassets; sourceTree = "<group>"; };
		BD9DFF581EABAE6400BD8B23 /* Base */ = {isa = PBXFileReference; lastKnownFileType = file.storyboard; name = Base; path = Base.lproj/LaunchScreen.storyboard; sourceTree = "<group>"; };
		BD9DFF5A1EABAE6400BD8B23 /* Info.plist */ = {isa = PBXFileReference; lastKnownFileType = text.plist.xml; path = Info.plist; sourceTree = "<group>"; };
		BD9DFF601EABE2A400BD8B23 /* ClockViewController.swift */ = {isa = PBXFileReference; fileEncoding = 4; lastKnownFileType = sourcecode.swift; path = ClockViewController.swift; sourceTree = "<group>"; };
		BD9DFF621EABFD4B00BD8B23 /* AlarmSetTableViewController.swift */ = {isa = PBXFileReference; fileEncoding = 4; lastKnownFileType = sourcecode.swift; path = AlarmSetTableViewController.swift; sourceTree = "<group>"; };
		BD9DFF641EAC14F000BD8B23 /* Colors.swift */ = {isa = PBXFileReference; fileEncoding = 4; lastKnownFileType = sourcecode.swift; path = Colors.swift; sourceTree = "<group>"; };
		BD9DFF6D1EAC25B100BD8B23 /* hackRUProject.xcdatamodel */ = {isa = PBXFileReference; lastKnownFileType = wrapper.xcdatamodel; path = hackRUProject.xcdatamodel; sourceTree = "<group>"; };
/* End PBXFileReference section */

/* Begin PBXFrameworksBuildPhase section */
		BD9DFF481EABAE6400BD8B23 /* Frameworks */ = {
			isa = PBXFrameworksBuildPhase;
			buildActionMask = 2147483647;
			files = (
				5BC23B0826C11A8B62536EE7 /* Pods_hackRUProject.framework in Frameworks */,
			);
			runOnlyForDeploymentPostprocessing = 0;
		};
/* End PBXFrameworksBuildPhase section */

/* Begin PBXGroup section */
		2EEDE24C224A642C829C2317 /* Frameworks */ = {
			isa = PBXGroup;
			children = (
				0364FCEE1B80E80D68843E72 /* Pods_hackRUProject.framework */,
			);
			name = Frameworks;
			sourceTree = "<group>";
		};
		BD9DFF421EABAE6400BD8B23 = {
			isa = PBXGroup;
			children = (
				BD9DFF4D1EABAE6400BD8B23 /* hackRUProject */,
				BD9DFF4C1EABAE6400BD8B23 /* Products */,
				F03775F37C6DFA8CAED107C3 /* Pods */,
				2EEDE24C224A642C829C2317 /* Frameworks */,
			);
			sourceTree = "<group>";
		};
		BD9DFF4C1EABAE6400BD8B23 /* Products */ = {
			isa = PBXGroup;
			children = (
				BD9DFF4B1EABAE6400BD8B23 /* hackRUProject.app */,
			);
			name = Products;
			sourceTree = "<group>";
		};
		BD9DFF4D1EABAE6400BD8B23 /* hackRUProject */ = {
			isa = PBXGroup;
			children = (
				BD9DFF4E1EABAE6400BD8B23 /* AppDelegate.swift */,
				BD9DFF641EAC14F000BD8B23 /* Colors.swift */,
				BD9DFF501EABAE6400BD8B23 /* ViewController.swift */,
				BD9DFF601EABE2A400BD8B23 /* ClockViewController.swift */,
				BD3601891EAC6C2700C33DEB /* CoreDataManager.swift */,
				BD9DFF621EABFD4B00BD8B23 /* AlarmSetTableViewController.swift */,
				BD3601871EAC632100C33DEB /* DatePickerViewController.swift */,
				BD9DFF521EABAE6400BD8B23 /* Main.storyboard */,
				BD9DFF6C1EAC25B100BD8B23 /* hackRUProject.xcdatamodeld */,
				BD9DFF551EABAE6400BD8B23 /* Assets.xcassets */,
				BD9DFF571EABAE6400BD8B23 /* LaunchScreen.storyboard */,
				BD9DFF5A1EABAE6400BD8B23 /* Info.plist */,
			);
			path = hackRUProject;
			sourceTree = "<group>";
		};
		F03775F37C6DFA8CAED107C3 /* Pods */ = {
			isa = PBXGroup;
			children = (
				2479F557A94C99CAAAAAB551 /* Pods-hackRUProject.debug.xcconfig */,
				8989DBF61FD61FEBE0EE8E08 /* Pods-hackRUProject.release.xcconfig */,
			);
			name = Pods;
			sourceTree = "<group>";
		};
/* End PBXGroup section */

/* Begin PBXNativeTarget section */
		BD9DFF4A1EABAE6400BD8B23 /* hackRUProject */ = {
			isa = PBXNativeTarget;
			buildConfigurationList = BD9DFF5D1EABAE6400BD8B23 /* Build configuration list for PBXNativeTarget "hackRUProject" */;
			buildPhases = (
				E020AEAEB81584438B673345 /* [CP] Check Pods Manifest.lock */,
				BD9DFF471EABAE6400BD8B23 /* Sources */,
				BD9DFF481EABAE6400BD8B23 /* Frameworks */,
				BD9DFF491EABAE6400BD8B23 /* Resources */,
				D1B12E5440D19EFE27183C2C /* [CP] Embed Pods Frameworks */,
				2FF72450A0DC8FE782A044CF /* [CP] Copy Pods Resources */,
			);
			buildRules = (
			);
			dependencies = (
			);
			name = hackRUProject;
			productName = hackRUProject;
			productReference = BD9DFF4B1EABAE6400BD8B23 /* hackRUProject.app */;
			productType = "com.apple.product-type.application";
		};
/* End PBXNativeTarget section */

/* Begin PBXProject section */
		BD9DFF431EABAE6400BD8B23 /* Project object */ = {
			isa = PBXProject;
			attributes = {
				LastSwiftUpdateCheck = 0830;
				LastUpgradeCheck = 0830;
				ORGANIZATIONNAME = "Colin Walsh";
				TargetAttributes = {
					BD9DFF4A1EABAE6400BD8B23 = {
						CreatedOnToolsVersion = 8.3.1;
						DevelopmentTeam = Q844VW9UW4;
						LastSwiftMigration = 0830;
						ProvisioningStyle = Automatic;
					};
				};
			};
			buildConfigurationList = BD9DFF461EABAE6400BD8B23 /* Build configuration list for PBXProject "hackRUProject" */;
			compatibilityVersion = "Xcode 3.2";
			developmentRegion = English;
			hasScannedForEncodings = 0;
			knownRegions = (
				en,
				Base,
			);
			mainGroup = BD9DFF421EABAE6400BD8B23;
			productRefGroup = BD9DFF4C1EABAE6400BD8B23 /* Products */;
			projectDirPath = "";
			projectRoot = "";
			targets = (
				BD9DFF4A1EABAE6400BD8B23 /* hackRUProject */,
			);
		};
/* End PBXProject section */

/* Begin PBXResourcesBuildPhase section */
		BD9DFF491EABAE6400BD8B23 /* Resources */ = {
			isa = PBXResourcesBuildPhase;
			buildActionMask = 2147483647;
			files = (
				BD9DFF591EABAE6400BD8B23 /* LaunchScreen.storyboard in Resources */,
				BD9DFF561EABAE6400BD8B23 /* Assets.xcassets in Resources */,
				BD9DFF541EABAE6400BD8B23 /* Main.storyboard in Resources */,
			);
			runOnlyForDeploymentPostprocessing = 0;
		};
/* End PBXResourcesBuildPhase section */

/* Begin PBXShellScriptBuildPhase section */
		2FF72450A0DC8FE782A044CF /* [CP] Copy Pods Resources */ = {
			isa = PBXShellScriptBuildPhase;
			buildActionMask = 2147483647;
			files = (
			);
			inputPaths = (
			);
			name = "[CP] Copy Pods Resources";
			outputPaths = (
			);
			runOnlyForDeploymentPostprocessing = 0;
			shellPath = /bin/sh;
			shellScript = "\"${SRCROOT}/Pods/Target Support Files/Pods-hackRUProject/Pods-hackRUProject-resources.sh\"\n";
			showEnvVarsInLog = 0;
		};
		D1B12E5440D19EFE27183C2C /* [CP] Embed Pods Frameworks */ = {
			isa = PBXShellScriptBuildPhase;
			buildActionMask = 2147483647;
			files = (
			);
			inputPaths = (
			);
			name = "[CP] Embed Pods Frameworks";
			outputPaths = (
			);
			runOnlyForDeploymentPostprocessing = 0;
			shellPath = /bin/sh;
			shellScript = "\"${SRCROOT}/Pods/Target Support Files/Pods-hackRUProject/Pods-hackRUProject-frameworks.sh\"\n";
			showEnvVarsInLog = 0;
		};
		E020AEAEB81584438B673345 /* [CP] Check Pods Manifest.lock */ = {
			isa = PBXShellScriptBuildPhase;
			buildActionMask = 2147483647;
			files = (
			);
			inputPaths = (
			);
			name = "[CP] Check Pods Manifest.lock";
			outputPaths = (
			);
			runOnlyForDeploymentPostprocessing = 0;
			shellPath = /bin/sh;
			shellScript = "diff \"${PODS_ROOT}/../Podfile.lock\" \"${PODS_ROOT}/Manifest.lock\" > /dev/null\nif [[ $? != 0 ]] ; then\n    cat << EOM\nerror: The sandbox is not in sync with the Podfile.lock. Run 'pod install' or update your CocoaPods installation.\nEOM\n    exit 1\nfi\n";
			showEnvVarsInLog = 0;
		};
/* End PBXShellScriptBuildPhase section */

/* Begin PBXSourcesBuildPhase section */
		BD9DFF471EABAE6400BD8B23 /* Sources */ = {
			isa = PBXSourcesBuildPhase;
			buildActionMask = 2147483647;
			files = (
				BD9DFF631EABFD4B00BD8B23 /* AlarmSetTableViewController.swift in Sources */,
				BD9DFF651EAC14F000BD8B23 /* Colors.swift in Sources */,
				BD3601881EAC632100C33DEB /* DatePickerViewController.swift in Sources */,
				BD9DFF611EABE2A400BD8B23 /* ClockViewController.swift in Sources */,
				BD9DFF6E1EAC25B100BD8B23 /* hackRUProject.xcdatamodeld in Sources */,
				BD9DFF511EABAE6400BD8B23 /* ViewController.swift in Sources */,
				BD36018A1EAC6C2700C33DEB /* CoreDataManager.swift in Sources */,
				BD9DFF4F1EABAE6400BD8B23 /* AppDelegate.swift in Sources */,
			);
			runOnlyForDeploymentPostprocessing = 0;
		};
/* End PBXSourcesBuildPhase section */

/* Begin PBXVariantGroup section */
		BD9DFF521EABAE6400BD8B23 /* Main.storyboard */ = {
			isa = PBXVariantGroup;
			children = (
				BD9DFF531EABAE6400BD8B23 /* Base */,
			);
			name = Main.storyboard;
			sourceTree = "<group>";
		};
		BD9DFF571EABAE6400BD8B23 /* LaunchScreen.storyboard */ = {
			isa = PBXVariantGroup;
			children = (
				BD9DFF581EABAE6400BD8B23 /* Base */,
			);
			name = LaunchScreen.storyboard;
			sourceTree = "<group>";
		};
/* End PBXVariantGroup section */

/* Begin XCBuildConfiguration section */
		BD9DFF5B1EABAE6400BD8B23 /* Debug */ = {
			isa = XCBuildConfiguration;
			buildSettings = {
				ALWAYS_SEARCH_USER_PATHS = NO;
				CLANG_ANALYZER_NONNULL = YES;
				CLANG_ANALYZER_NUMBER_OBJECT_CONVERSION = YES_AGGRESSIVE;
				CLANG_CXX_LANGUAGE_STANDARD = "gnu++0x";
				CLANG_CXX_LIBRARY = "libc++";
				CLANG_ENABLE_MODULES = YES;
				CLANG_ENABLE_OBJC_ARC = YES;
				CLANG_WARN_BOOL_CONVERSION = YES;
				CLANG_WARN_CONSTANT_CONVERSION = YES;
				CLANG_WARN_DIRECT_OBJC_ISA_USAGE = YES_ERROR;
				CLANG_WARN_DOCUMENTATION_COMMENTS = YES;
				CLANG_WARN_EMPTY_BODY = YES;
				CLANG_WARN_ENUM_CONVERSION = YES;
				CLANG_WARN_INFINITE_RECURSION = YES;
				CLANG_WARN_INT_CONVERSION = YES;
				CLANG_WARN_OBJC_ROOT_CLASS = YES_ERROR;
				CLANG_WARN_SUSPICIOUS_MOVE = YES;
				CLANG_WARN_UNREACHABLE_CODE = YES;
				CLANG_WARN__DUPLICATE_METHOD_MATCH = YES;
				"CODE_SIGN_IDENTITY[sdk=iphoneos*]" = "iPhone Developer";
				COPY_PHASE_STRIP = NO;
				DEBUG_INFORMATION_FORMAT = dwarf;
				ENABLE_STRICT_OBJC_MSGSEND = YES;
				ENABLE_TESTABILITY = YES;
				GCC_C_LANGUAGE_STANDARD = gnu99;
				GCC_DYNAMIC_NO_PIC = NO;
				GCC_NO_COMMON_BLOCKS = YES;
				GCC_OPTIMIZATION_LEVEL = 0;
				GCC_PREPROCESSOR_DEFINITIONS = (
					"DEBUG=1",
					"$(inherited)",
				);
				GCC_WARN_64_TO_32_BIT_CONVERSION = YES;
				GCC_WARN_ABOUT_RETURN_TYPE = YES_ERROR;
				GCC_WARN_UNDECLARED_SELECTOR = YES;
				GCC_WARN_UNINITIALIZED_AUTOS = YES_AGGRESSIVE;
				GCC_WARN_UNUSED_FUNCTION = YES;
				GCC_WARN_UNUSED_VARIABLE = YES;
				IPHONEOS_DEPLOYMENT_TARGET = 10.3;
				MTL_ENABLE_DEBUG_INFO = YES;
				ONLY_ACTIVE_ARCH = YES;
				SDKROOT = iphoneos;
				SWIFT_ACTIVE_COMPILATION_CONDITIONS = DEBUG;
				SWIFT_OPTIMIZATION_LEVEL = "-Onone";
			};
			name = Debug;
		};
		BD9DFF5C1EABAE6400BD8B23 /* Release */ = {
			isa = XCBuildConfiguration;
			buildSettings = {
				ALWAYS_SEARCH_USER_PATHS = NO;
				CLANG_ANALYZER_NONNULL = YES;
				CLANG_ANALYZER_NUMBER_OBJECT_CONVERSION = YES_AGGRESSIVE;
				CLANG_CXX_LANGUAGE_STANDARD = "gnu++0x";
				CLANG_CXX_LIBRARY = "libc++";
				CLANG_ENABLE_MODULES = YES;
				CLANG_ENABLE_OBJC_ARC = YES;
				CLANG_WARN_BOOL_CONVERSION = YES;
				CLANG_WARN_CONSTANT_CONVERSION = YES;
				CLANG_WARN_DIRECT_OBJC_ISA_USAGE = YES_ERROR;
				CLANG_WARN_DOCUMENTATION_COMMENTS = YES;
				CLANG_WARN_EMPTY_BODY = YES;
				CLANG_WARN_ENUM_CONVERSION = YES;
				CLANG_WARN_INFINITE_RECURSION = YES;
				CLANG_WARN_INT_CONVERSION = YES;
				CLANG_WARN_OBJC_ROOT_CLASS = YES_ERROR;
				CLANG_WARN_SUSPICIOUS_MOVE = YES;
				CLANG_WARN_UNREACHABLE_CODE = YES;
				CLANG_WARN__DUPLICATE_METHOD_MATCH = YES;
				"CODE_SIGN_IDENTITY[sdk=iphoneos*]" = "iPhone Developer";
				COPY_PHASE_STRIP = NO;
				DEBUG_INFORMATION_FORMAT = "dwarf-with-dsym";
				ENABLE_NS_ASSERTIONS = NO;
				ENABLE_STRICT_OBJC_MSGSEND = YES;
				GCC_C_LANGUAGE_STANDARD = gnu99;
				GCC_NO_COMMON_BLOCKS = YES;
				GCC_WARN_64_TO_32_BIT_CONVERSION = YES;
				GCC_WARN_ABOUT_RETURN_TYPE = YES_ERROR;
				GCC_WARN_UNDECLARED_SELECTOR = YES;
				GCC_WARN_UNINITIALIZED_AUTOS = YES_AGGRESSIVE;
				GCC_WARN_UNUSED_FUNCTION = YES;
				GCC_WARN_UNUSED_VARIABLE = YES;
				IPHONEOS_DEPLOYMENT_TARGET = 10.3;
				MTL_ENABLE_DEBUG_INFO = NO;
				SDKROOT = iphoneos;
				SWIFT_OPTIMIZATION_LEVEL = "-Owholemodule";
				VALIDATE_PRODUCT = YES;
			};
			name = Release;
		};
		BD9DFF5E1EABAE6400BD8B23 /* Debug */ = {
			isa = XCBuildConfiguration;
			baseConfigurationReference = 2479F557A94C99CAAAAAB551 /* Pods-hackRUProject.debug.xcconfig */;
			buildSettings = {
				ASSETCATALOG_COMPILER_APPICON_NAME = AppIcon;
				DEVELOPMENT_TEAM = Q844VW9UW4;
				INFOPLIST_FILE = hackRUProject/Info.plist;
				LD_RUNPATH_SEARCH_PATHS = "$(inherited) @executable_path/Frameworks";
				PRODUCT_BUNDLE_IDENTIFIER = com.colinfwalsh.hackRUProject;
				PRODUCT_NAME = "$(TARGET_NAME)";
				SWIFT_VERSION = 3.0;
			};
			name = Debug;
		};
		BD9DFF5F1EABAE6400BD8B23 /* Release */ = {
			isa = XCBuildConfiguration;
			baseConfigurationReference = 8989DBF61FD61FEBE0EE8E08 /* Pods-hackRUProject.release.xcconfig */;
			buildSettings = {
				ASSETCATALOG_COMPILER_APPICON_NAME = AppIcon;
				DEVELOPMENT_TEAM = Q844VW9UW4;
				INFOPLIST_FILE = hackRUProject/Info.plist;
				LD_RUNPATH_SEARCH_PATHS = "$(inherited) @executable_path/Frameworks";
				PRODUCT_BUNDLE_IDENTIFIER = com.colinfwalsh.hackRUProject;
				PRODUCT_NAME = "$(TARGET_NAME)";
				SWIFT_VERSION = 3.0;
			};
			name = Release;
		};
/* End XCBuildConfiguration section */

/* Begin XCConfigurationList section */
		BD9DFF461EABAE6400BD8B23 /* Build configuration list for PBXProject "hackRUProject" */ = {
			isa = XCConfigurationList;
			buildConfigurations = (
				BD9DFF5B1EABAE6400BD8B23 /* Debug */,
				BD9DFF5C1EABAE6400BD8B23 /* Release */,
			);
			defaultConfigurationIsVisible = 0;
			defaultConfigurationName = Release;
		};
		BD9DFF5D1EABAE6400BD8B23 /* Build configuration list for PBXNativeTarget "hackRUProject" */ = {
			isa = XCConfigurationList;
			buildConfigurations = (
				BD9DFF5E1EABAE6400BD8B23 /* Debug */,
				BD9DFF5F1EABAE6400BD8B23 /* Release */,
			);
			defaultConfigurationIsVisible = 0;
			defaultConfigurationName = Release;
		};
/* End XCConfigurationList section */

/* Begin XCVersionGroup section */
		BD9DFF6C1EAC25B100BD8B23 /* hackRUProject.xcdatamodeld */ = {
			isa = XCVersionGroup;
			children = (
				BD9DFF6D1EAC25B100BD8B23 /* hackRUProject.xcdatamodel */,
			);
			currentVersion = BD9DFF6D1EAC25B100BD8B23 /* hackRUProject.xcdatamodel */;
			path = hackRUProject.xcdatamodeld;
			sourceTree = "<group>";
			versionGroupType = wrapper.xcdatamodel;
		};
/* End XCVersionGroup section */
	};
	rootObject = BD9DFF431EABAE6400BD8B23 /* Project object */;
}
